capnproto.org/go/capnp v2.18.2+incompatible h1:0mGwkF2sUxMPGAR0UAIxR5oiCB3P0W3nibLjgDuM72w=
capnproto.org/go/capnp v2.18.2+incompatible/go.mod h1:se6cxxMT5zQSsxI9nJRpHZo1xYSeOUt3pIKOVddG1Qk=
capnproto.org/go/capnp/v3 v3.0.0-alpha-29 h1:ICLhiy4Jmp0d7hLQO+HzFAVIft/oxpPAUPV8tqx+eUE=
capnproto.org/go/capnp/v3 v3.0.0-alpha-29/go.mod h1:+ysMHvOh1EWNOyorxJWs1omhRFiDoKxKkWQACp54jKM=
github.com/davecgh/go-spew v1.1.1 h1:vj9j/u1bqnvCEfJOwUhtlOARqs3+rkHYY13jYWTU97c=
github.com/philhofer/fwd v1.1.1 h1:GdGcTjf5RNAxwS4QLsiMzJYj5KEvPJD3Abr261yRQXQ=
github.com/pmezard/go-difflib v1.0.0 h1:4DBwDE0NGyQoBHbLQYPwSUPoCMWR5BEzIk/f1lZbAQM=
github.com/stretchr/testify v1.8.2 h1:+h33VjcLVPDHtOdpUCuF+7gSuG3yGIftsP1YvFihtJ8=
github.com/tinylib/msgp v1.1.5 h1:2gXmtWueD2HefZHQe1QOy9HVzmFrLOVvsXwXBQ0ayy0=
golang.org/x/net v0.10.0 h1:X2//UzNDwYmtCLn7To6G58Wr6f5ahEAQgKNzv9Y951M=
golang.org/x/net v0.10.0/go.mod h1:0qNGK6F8kojg2nk9dLZ2mShWaEBan6FAoqfSigmmuDg=
golang.org/x/sync v0.0.0-20201020160332-67f06af15bc9 h1:SQFwaSi55rU7vdNs9Yr0Z324VNlrF+0wMqRXT4St8ck=
golang.org/x/sync v0.0.0-20201020160332-67f06af15bc9/go.mod h1:RxMgew5VJxzue5/jJTE5uejpjVlOe/izrB70Jof72aM=
golang.org/x/sync v0.1.0/go.mod h1:RxMgew5VJxzue5/jJTE5uejpjVlOe/izrB70Jof72aM=
gopkg.in/yaml.v3 v3.0.1 h1:fxVm/GzAzEWqLHuvctI91KS9hhNmmWOoWu0XTYJS7CA=
zenhack.net/go/sandstorm v0.0.0-20230111030500-e2e80d8a33c2 h1:YNsZvAfCVxFW6fQXKT1pBzTQNm74MEcySXHpvMfgFP4=
zenhack.net/go/sandstorm v0.0.0-20230111030500-e2e80d8a33c2/go.mod h1:P5hZMX8qLj6XEhfOQRC3IeZCUbKRG+j6uIuR70K2dXo=
zenhack.net/go/tempest v0.0.0-20230602025921-1cc5950d890a h1:unFPFrb7ZOKgSlnPchYIl69am3wtLBpvMaDOsrlpdOk=
zenhack.net/go/tempest v0.0.0-20230602025921-1cc5950d890a/go.mod h1:bxeUrPNuqSDPVPa63fwcdLWBMTA0ncE8GiUCOb/+oRA=
zenhack.net/go/util v0.0.0-20230414204917-531d38494cf5 h1:yksDCGMVzyn3vlyf0GZ3huiF5FFaMGQpQ3UJvR0EoGA=
zenhack.net/go/util v0.0.0-20230414204917-531d38494cf5/go.mod h1:1LtNdPAs8WH+BTcQiZAOo2MIKD/5jyK/u7sZ9ZPe5SE=
zenhack.net/go/util v0.0.0-20230512035932-3f5fdfa0f47d/go.mod h1:1LtNdPAs8WH+BTcQiZAOo2MIKD/5jyK/u7sZ9ZPe5SE=
zombiezen.com/go/capnproto2 v2.18.2+incompatible h1:v3BD1zbruvffn7zjJUU5Pn8nZAB11bhZSQC4W+YnnKo=
zombiezen.com/go/capnproto2 v2.18.2+incompatible/go.mod h1:XO5Pr2SbXgqZwn0m0Ru54QBqpOf4K5AYBO+8LAOBQEQ=
